PODS:
  - Capacitor (1.0.0-alpha.39):
    - CapacitorCordova (= 1.0.0-alpha.39)
    - GCDWebServer (~> 3.0)
  - CapacitorCordova (1.0.0-alpha.39)
  - CapacitorImageCrop (0.0.3):
    - Capacitor
    - CropViewController
  - CropViewController (2.4.0)
  - GCDWebServer (3.5.0):
    - GCDWebServer/Core (= 3.5.0)
  - GCDWebServer/Core (3.5.0)

DEPENDENCIES:
  - "Capacitor (from `../../node_modules/@capacitor/ios`)"
  - "CapacitorCordova (from `../../node_modules/@capacitor/ios`)"
  - CapacitorImageCrop (from `../../node_modules/capacitor-image-crop`)

SPEC REPOS:
  https://github.com/cocoapods/specs.git:
    - CropViewController
    - GCDWebServer

EXTERNAL SOURCES:
  Capacitor:
    :path: "../../node_modules/@capacitor/ios"
  CapacitorCordova:
    :path: "../../node_modules/@capacitor/ios"
  CapacitorImageCrop:
    :path: "../../node_modules/capacitor-image-crop"

SPEC CHECKSUMS:
  Capacitor: 694bd651f06ece975ddf33d78d012a0d0fbece57
  CapacitorCordova: 1ce96e3c67c9b90e850e563798255268c5a8984b
  CapacitorImageCrop: a84f93f86f06b7c0e3cdddea0e2b8a1cf0a734ff
  CropViewController: a090820b15fc3da68e694d7c192a4708c576828b
  GCDWebServer: 613cda7b8545b6a7168f22167c683470f4f31beb

PODFILE CHECKSUM: 733499740204fb8c3ac7cb0208dc1fc7777d6f3d

COCOAPODS: 1.5.3
